// !$*UTF8*$!
{
	archiveVersion = 1;
	classes = {
	};
	objectVersion = 56;
	objects = {

/* Begin PBXBuildFile section */
		091AED86293541DE00742D17 /* RealmService.swift in Sources */ = {isa = PBXBuildFile; fileRef = 091AED85293541DE00742D17 /* RealmService.swift */; };
		091D272D2942947700258900 /* PromiseNetworkService.swift in Sources */ = {isa = PBXBuildFile; fileRef = 091D272C2942947700258900 /* PromiseNetworkService.swift */; };
		091D272F2944AC4D00258900 /* PhotoCacheService.swift in Sources */ = {isa = PBXBuildFile; fileRef = 091D272E2944AC4D00258900 /* PhotoCacheService.swift */; };
		0928241D291AF246004EF4D0 /* LoaderView.swift in Sources */ = {isa = PBXBuildFile; fileRef = 0928241C291AF246004EF4D0 /* LoaderView.swift */; };
		092D787C291A3920008B5816 /* NewsTableViewController.swift in Sources */ = {isa = PBXBuildFile; fileRef = 092D787B291A3920008B5816 /* NewsTableViewController.swift */; };
		096130A1292D5D88006AF1AC /* NetworkService.swift in Sources */ = {isa = PBXBuildFile; fileRef = 096130A0292D5D88006AF1AC /* NetworkService.swift */; };
		096130A6292D649F006AF1AC /* VKWebViewController.swift in Sources */ = {isa = PBXBuildFile; fileRef = 096130A5292D649F006AF1AC /* VKWebViewController.swift */; };
		096130A8292D664D006AF1AC /* WebKit.framework in Frameworks */ = {isa = PBXBuildFile; fileRef = 096130A7292D664D006AF1AC /* WebKit.framework */; };
		097F4798292FEFB000F11B3E /* Group.swift in Sources */ = {isa = PBXBuildFile; fileRef = 097F4797292FEFB000F11B3E /* Group.swift */; };
		097F479A292FEFC300F11B3E /* Photo.swift in Sources */ = {isa = PBXBuildFile; fileRef = 097F4799292FEFC300F11B3E /* Photo.swift */; };
		098171DE29400EC3005421B1 /* Likes.swift in Sources */ = {isa = PBXBuildFile; fileRef = 098171DD29400EC3005421B1 /* Likes.swift */; };
		098171E029401011005421B1 /* Views.swift in Sources */ = {isa = PBXBuildFile; fileRef = 098171DF29401011005421B1 /* Views.swift */; };
		098D3E70294262E2001A5C78 /* GetDataOperation.swift in Sources */ = {isa = PBXBuildFile; fileRef = 098D3E6F294262E2001A5C78 /* GetDataOperation.swift */; };
		098D3E7229426559001A5C78 /* AsyncOperation.swift in Sources */ = {isa = PBXBuildFile; fileRef = 098D3E7129426559001A5C78 /* AsyncOperation.swift */; };
		098D3E7429426942001A5C78 /* ParseDataOperation.swift in Sources */ = {isa = PBXBuildFile; fileRef = 098D3E7329426942001A5C78 /* ParseDataOperation.swift */; };
		098D3E7629426B30001A5C78 /* RealmSaveDataOperation.swift in Sources */ = {isa = PBXBuildFile; fileRef = 098D3E7529426B30001A5C78 /* RealmSaveDataOperation.swift */; };
		099374AA29402766000A3CB7 /* NewsItemConfigurable.swift in Sources */ = {isa = PBXBuildFile; fileRef = 099374A929402766000A3CB7 /* NewsItemConfigurable.swift */; };
		09939644293FDE2D0056C92E /* News.swift in Sources */ = {isa = PBXBuildFile; fileRef = 09939643293FDE2D0056C92E /* News.swift */; };
		09939646293FEDD90056C92E /* NewsResponse.swift in Sources */ = {isa = PBXBuildFile; fileRef = 09939645293FEDD90056C92E /* NewsResponse.swift */; };
		09A62C7E292D01C400E53700 /* Session.swift in Sources */ = {isa = PBXBuildFile; fileRef = 09A62C7D292D01C400E53700 /* Session.swift */; };
		09B66A5F2911BED100E7BA49 /* LogInViewController.swift in Sources */ = {isa = PBXBuildFile; fileRef = 09B66A5E2911BED100E7BA49 /* LogInViewController.swift */; };
		09B66A652911C01200E7BA49 /* UITextField+Extension.swift in Sources */ = {isa = PBXBuildFile; fileRef = 09B66A642911C01200E7BA49 /* UITextField+Extension.swift */; };
		09B66A672911C15D00E7BA49 /* Constants.swift in Sources */ = {isa = PBXBuildFile; fileRef = 09B66A662911C15D00E7BA49 /* Constants.swift */; };
		09B66A6A29129ECF00E7BA49 /* UIViewController+Extension.swift in Sources */ = {isa = PBXBuildFile; fileRef = 09B66A6929129ECF00E7BA49 /* UIViewController+Extension.swift */; };
		09C88CEF29476AD1009ED03A /* LoginView.swift in Sources */ = {isa = PBXBuildFile; fileRef = 09C88CEE29476AD1009ED03A /* LoginView.swift */; };
		09C88D062947BAEC009ED03A /* DateFormatter+Extension.swift in Sources */ = {isa = PBXBuildFile; fileRef = 09C88D052947BAEC009ED03A /* DateFormatter+Extension.swift */; };
		09D3D9B429106A51007DFCFC /* AppDelegate.swift in Sources */ = {isa = PBXBuildFile; fileRef = 09D3D9B329106A51007DFCFC /* AppDelegate.swift */; };
		09D3D9B629106A51007DFCFC /* SceneDelegate.swift in Sources */ = {isa = PBXBuildFile; fileRef = 09D3D9B529106A51007DFCFC /* SceneDelegate.swift */; };
		09D3D9BB29106A51007DFCFC /* Main.storyboard in Resources */ = {isa = PBXBuildFile; fileRef = 09D3D9B929106A51007DFCFC /* Main.storyboard */; };
		09D3D9BD29106A53007DFCFC /* Assets.xcassets in Resources */ = {isa = PBXBuildFile; fileRef = 09D3D9BC29106A53007DFCFC /* Assets.xcassets */; };
		09D3D9C029106A53007DFCFC /* LaunchScreen.storyboard in Resources */ = {isa = PBXBuildFile; fileRef = 09D3D9BE29106A53007DFCFC /* LaunchScreen.storyboard */; };
		09DFC53C2948FA4400D72D62 /* Attachment.swift in Sources */ = {isa = PBXBuildFile; fileRef = 09DFC53B2948FA4400D72D62 /* Attachment.swift */; };
		09DFC53E2948FA5200D72D62 /* PostCollectionViewCell.swift in Sources */ = {isa = PBXBuildFile; fileRef = 09DFC53D2948FA5200D72D62 /* PostCollectionViewCell.swift */; };
		09DFC5402948FDD400D72D62 /* UITableView+Extension.swift in Sources */ = {isa = PBXBuildFile; fileRef = 09DFC53F2948FDD300D72D62 /* UITableView+Extension.swift */; };
		09E4BBE22913C1C400E78CED /* FriendsTableViewController.swift in Sources */ = {isa = PBXBuildFile; fileRef = 09E4BBE12913C1C400E78CED /* FriendsTableViewController.swift */; };
		09E4BBE42913C1E600E78CED /* UserGroupsTableViewController.swift in Sources */ = {isa = PBXBuildFile; fileRef = 09E4BBE32913C1E600E78CED /* UserGroupsTableViewController.swift */; };
		09E4BBE62913C1F600E78CED /* AllGroupsTableViewController.swift in Sources */ = {isa = PBXBuildFile; fileRef = 09E4BBE52913C1F600E78CED /* AllGroupsTableViewController.swift */; };
		09E4BBE82913C27500E78CED /* FriendPhotoCollectionViewController.swift in Sources */ = {isa = PBXBuildFile; fileRef = 09E4BBE72913C27500E78CED /* FriendPhotoCollectionViewController.swift */; };
		09E4BBF02913FE0300E78CED /* FriendTableViewCell.swift in Sources */ = {isa = PBXBuildFile; fileRef = 09E4BBEF2913FE0300E78CED /* FriendTableViewCell.swift */; };
		09E670A4293E9F0500A97B39 /* NewsHeaderTableViewCell.swift in Sources */ = {isa = PBXBuildFile; fileRef = 09E670A3293E9F0500A97B39 /* NewsHeaderTableViewCell.swift */; };
		09E670A7293E9F3900A97B39 /* NewsFooterTableViewCell.swift in Sources */ = {isa = PBXBuildFile; fileRef = 09E670A6293E9F3900A97B39 /* NewsFooterTableViewCell.swift */; };
		09E670A9293E9F5400A97B39 /* NewsPostTableViewCell.swift in Sources */ = {isa = PBXBuildFile; fileRef = 09E670A8293E9F5400A97B39 /* NewsPostTableViewCell.swift */; };
		09E670AB293E9F9500A97B39 /* NewsImageTableViewCell.swift in Sources */ = {isa = PBXBuildFile; fileRef = 09E670AA293E9F9500A97B39 /* NewsImageTableViewCell.swift */; };
		09E71FCD291D7B1F00286818 /* CustomTransition.swift in Sources */ = {isa = PBXBuildFile; fileRef = 09E71FCC291D7B1F00286818 /* CustomTransition.swift */; };
		09E71FCF291D9F2C00286818 /* CustomNavigationController.swift in Sources */ = {isa = PBXBuildFile; fileRef = 09E71FCE291D9F2C00286818 /* CustomNavigationController.swift */; };
		09E9BE0C291D0DCD00DBBD4E /* FriendPhotosViewController.swift in Sources */ = {isa = PBXBuildFile; fileRef = 09E9BE0B291D0DCD00DBBD4E /* FriendPhotosViewController.swift */; };
		09EB1BD929300723005664A5 /* UIImageView+Extension.swift in Sources */ = {isa = PBXBuildFile; fileRef = 09EB1BD829300723005664A5 /* UIImageView+Extension.swift */; };
		09EB1BE229315202005664A5 /* PhotoUrl.swift in Sources */ = {isa = PBXBuildFile; fileRef = 09EB1BE129315202005664A5 /* PhotoUrl.swift */; };
		09EB1BF029340054005664A5 /* Response.swift in Sources */ = {isa = PBXBuildFile; fileRef = 09EB1BEF29340054005664A5 /* Response.swift */; };
		09F1084B2914EC52000E8D76 /* ShadowView.swift in Sources */ = {isa = PBXBuildFile; fileRef = 09F1084A2914EC52000E8D76 /* ShadowView.swift */; };
		09F1084D2914ED25000E8D76 /* LikeControl.swift in Sources */ = {isa = PBXBuildFile; fileRef = 09F1084C2914ED25000E8D76 /* LikeControl.swift */; };
		09F1084F29184D19000E8D76 /* GroupTableViewCell.swift in Sources */ = {isa = PBXBuildFile; fileRef = 09F1084E29184D19000E8D76 /* GroupTableViewCell.swift */; };
		09F1327F292EBE9B0085837F /* User.swift in Sources */ = {isa = PBXBuildFile; fileRef = 09F1327E292EBE9B0085837F /* User.swift */; };
		09F23F1A291480D700876619 /* FriendPhotosCollectionViewCell.swift in Sources */ = {isa = PBXBuildFile; fileRef = 09F23F19291480D700876619 /* FriendPhotosCollectionViewCell.swift */; };
		0A780A45251D05AD73CC1F3A /* Pods_myVK.framework in Frameworks */ = {isa = PBXBuildFile; fileRef = 071BDC2862D2586F9C16954E /* Pods_myVK.framework */; };
/* End PBXBuildFile section */

/* Begin PBXFileReference section */
		071BDC2862D2586F9C16954E /* Pods_myVK.framework */ = {isa = PBXFileReference; explicitFileType = wrapper.framework; includeInIndex = 0; path = Pods_myVK.framework; sourceTree = BUILT_PRODUCTS_DIR; };
		091AED85293541DE00742D17 /* RealmService.swift */ = {isa = PBXFileReference; lastKnownFileType = sourcecode.swift; path = RealmService.swift; sourceTree = "<group>"; };
		091D272C2942947700258900 /* PromiseNetworkService.swift */ = {isa = PBXFileReference; lastKnownFileType = sourcecode.swift; path = PromiseNetworkService.swift; sourceTree = "<group>"; };
		091D272E2944AC4D00258900 /* PhotoCacheService.swift */ = {isa = PBXFileReference; lastKnownFileType = sourcecode.swift; path = PhotoCacheService.swift; sourceTree = "<group>"; };
		0928241C291AF246004EF4D0 /* LoaderView.swift */ = {isa = PBXFileReference; lastKnownFileType = sourcecode.swift; path = LoaderView.swift; sourceTree = "<group>"; };
		092D787B291A3920008B5816 /* NewsTableViewController.swift */ = {isa = PBXFileReference; lastKnownFileType = sourcecode.swift; path = NewsTableViewController.swift; sourceTree = "<group>"; };
		096130A0292D5D88006AF1AC /* NetworkService.swift */ = {isa = PBXFileReference; lastKnownFileType = sourcecode.swift; path = NetworkService.swift; sourceTree = "<group>"; };
		096130A5292D649F006AF1AC /* VKWebViewController.swift */ = {isa = PBXFileReference; lastKnownFileType = sourcecode.swift; path = VKWebViewController.swift; sourceTree = "<group>"; };
		096130A7292D664D006AF1AC /* WebKit.framework */ = {isa = PBXFileReference; lastKnownFileType = wrapper.framework; name = WebKit.framework; path = System/Library/Frameworks/WebKit.framework; sourceTree = SDKROOT; };
		097F4797292FEFB000F11B3E /* Group.swift */ = {isa = PBXFileReference; lastKnownFileType = sourcecode.swift; path = Group.swift; sourceTree = "<group>"; };
		097F4799292FEFC300F11B3E /* Photo.swift */ = {isa = PBXFileReference; lastKnownFileType = sourcecode.swift; path = Photo.swift; sourceTree = "<group>"; };
		098171DD29400EC3005421B1 /* Likes.swift */ = {isa = PBXFileReference; lastKnownFileType = sourcecode.swift; path = Likes.swift; sourceTree = "<group>"; };
		098171DF29401011005421B1 /* Views.swift */ = {isa = PBXFileReference; lastKnownFileType = sourcecode.swift; path = Views.swift; sourceTree = "<group>"; };
		098D3E6F294262E2001A5C78 /* GetDataOperation.swift */ = {isa = PBXFileReference; lastKnownFileType = sourcecode.swift; path = GetDataOperation.swift; sourceTree = "<group>"; };
		098D3E7129426559001A5C78 /* AsyncOperation.swift */ = {isa = PBXFileReference; lastKnownFileType = sourcecode.swift; path = AsyncOperation.swift; sourceTree = "<group>"; };
		098D3E7329426942001A5C78 /* ParseDataOperation.swift */ = {isa = PBXFileReference; lastKnownFileType = sourcecode.swift; path = ParseDataOperation.swift; sourceTree = "<group>"; };
		098D3E7529426B30001A5C78 /* RealmSaveDataOperation.swift */ = {isa = PBXFileReference; lastKnownFileType = sourcecode.swift; path = RealmSaveDataOperation.swift; sourceTree = "<group>"; };
		099374A929402766000A3CB7 /* NewsItemConfigurable.swift */ = {isa = PBXFileReference; lastKnownFileType = sourcecode.swift; path = NewsItemConfigurable.swift; sourceTree = "<group>"; };
		09939643293FDE2D0056C92E /* News.swift */ = {isa = PBXFileReference; lastKnownFileType = sourcecode.swift; path = News.swift; sourceTree = "<group>"; };
		09939645293FEDD90056C92E /* NewsResponse.swift */ = {isa = PBXFileReference; lastKnownFileType = sourcecode.swift; path = NewsResponse.swift; sourceTree = "<group>"; };
		09A62C7D292D01C400E53700 /* Session.swift */ = {isa = PBXFileReference; lastKnownFileType = sourcecode.swift; path = Session.swift; sourceTree = "<group>"; };
		09B66A5E2911BED100E7BA49 /* LogInViewController.swift */ = {isa = PBXFileReference; lastKnownFileType = sourcecode.swift; path = LogInViewController.swift; sourceTree = "<group>"; };
		09B66A642911C01200E7BA49 /* UITextField+Extension.swift */ = {isa = PBXFileReference; lastKnownFileType = sourcecode.swift; path = "UITextField+Extension.swift"; sourceTree = "<group>"; };
		09B66A662911C15D00E7BA49 /* Constants.swift */ = {isa = PBXFileReference; lastKnownFileType = sourcecode.swift; path = Constants.swift; sourceTree = "<group>"; };
		09B66A6929129ECF00E7BA49 /* UIViewController+Extension.swift */ = {isa = PBXFileReference; lastKnownFileType = sourcecode.swift; path = "UIViewController+Extension.swift"; sourceTree = "<group>"; };
		09C88CEE29476AD1009ED03A /* LoginView.swift */ = {isa = PBXFileReference; lastKnownFileType = sourcecode.swift; path = LoginView.swift; sourceTree = "<group>"; };
		09C88D052947BAEC009ED03A /* DateFormatter+Extension.swift */ = {isa = PBXFileReference; lastKnownFileType = sourcecode.swift; path = "DateFormatter+Extension.swift"; sourceTree = "<group>"; };
		09D3D9B029106A51007DFCFC /* myVK.app */ = {isa = PBXFileReference; explicitFileType = wrapper.application; includeInIndex = 0; path = myVK.app; sourceTree = BUILT_PRODUCTS_DIR; };
		09D3D9B329106A51007DFCFC /* AppDelegate.swift */ = {isa = PBXFileReference; lastKnownFileType = sourcecode.swift; path = AppDelegate.swift; sourceTree = "<group>"; };
		09D3D9B529106A51007DFCFC /* SceneDelegate.swift */ = {isa = PBXFileReference; lastKnownFileType = sourcecode.swift; path = SceneDelegate.swift; sourceTree = "<group>"; };
		09D3D9BA29106A51007DFCFC /* Base */ = {isa = PBXFileReference; lastKnownFileType = file.storyboard; name = Base; path = Base.lproj/Main.storyboard; sourceTree = "<group>"; };
		09D3D9BC29106A53007DFCFC /* Assets.xcassets */ = {isa = PBXFileReference; lastKnownFileType = folder.assetcatalog; path = Assets.xcassets; sourceTree = "<group>"; };
		09D3D9BF29106A53007DFCFC /* Base */ = {isa = PBXFileReference; lastKnownFileType = file.storyboard; name = Base; path = Base.lproj/LaunchScreen.storyboard; sourceTree = "<group>"; };
		09D3D9C129106A53007DFCFC /* Info.plist */ = {isa = PBXFileReference; lastKnownFileType = text.plist.xml; path = Info.plist; sourceTree = "<group>"; };
		09D3D9C9291071D1007DFCFC /* Color.xcassets */ = {isa = PBXFileReference; lastKnownFileType = folder.assetcatalog; path = Color.xcassets; sourceTree = "<group>"; };
		09DFC53B2948FA4400D72D62 /* Attachment.swift */ = {isa = PBXFileReference; fileEncoding = 4; lastKnownFileType = sourcecode.swift; name = Attachment.swift; path = Post/Attachment.swift; sourceTree = "<group>"; };
		09DFC53D2948FA5200D72D62 /* PostCollectionViewCell.swift */ = {isa = PBXFileReference; fileEncoding = 4; lastKnownFileType = sourcecode.swift; name = PostCollectionViewCell.swift; path = myVK/ViewController/View/PostCollectionViewCell.swift; sourceTree = SOURCE_ROOT; };
		09DFC53F2948FDD300D72D62 /* UITableView+Extension.swift */ = {isa = PBXFileReference; lastKnownFileType = sourcecode.swift; path = "UITableView+Extension.swift"; sourceTree = "<group>"; };
		09E4BBE12913C1C400E78CED /* FriendsTableViewController.swift */ = {isa = PBXFileReference; lastKnownFileType = sourcecode.swift; path = FriendsTableViewController.swift; sourceTree = "<group>"; };
		09E4BBE32913C1E600E78CED /* UserGroupsTableViewController.swift */ = {isa = PBXFileReference; lastKnownFileType = sourcecode.swift; path = UserGroupsTableViewController.swift; sourceTree = "<group>"; };
		09E4BBE52913C1F600E78CED /* AllGroupsTableViewController.swift */ = {isa = PBXFileReference; lastKnownFileType = sourcecode.swift; path = AllGroupsTableViewController.swift; sourceTree = "<group>"; };
		09E4BBE72913C27500E78CED /* FriendPhotoCollectionViewController.swift */ = {isa = PBXFileReference; lastKnownFileType = sourcecode.swift; path = FriendPhotoCollectionViewController.swift; sourceTree = "<group>"; };
		09E4BBEF2913FE0300E78CED /* FriendTableViewCell.swift */ = {isa = PBXFileReference; lastKnownFileType = sourcecode.swift; path = FriendTableViewCell.swift; sourceTree = "<group>"; };
		09E670A3293E9F0500A97B39 /* NewsHeaderTableViewCell.swift */ = {isa = PBXFileReference; lastKnownFileType = sourcecode.swift; path = NewsHeaderTableViewCell.swift; sourceTree = "<group>"; };
		09E670A6293E9F3900A97B39 /* NewsFooterTableViewCell.swift */ = {isa = PBXFileReference; lastKnownFileType = sourcecode.swift; path = NewsFooterTableViewCell.swift; sourceTree = "<group>"; };
		09E670A8293E9F5400A97B39 /* NewsPostTableViewCell.swift */ = {isa = PBXFileReference; lastKnownFileType = sourcecode.swift; path = NewsPostTableViewCell.swift; sourceTree = "<group>"; };
		09E670AA293E9F9500A97B39 /* NewsImageTableViewCell.swift */ = {isa = PBXFileReference; lastKnownFileType = sourcecode.swift; path = NewsImageTableViewCell.swift; sourceTree = "<group>"; };
		09E71FCC291D7B1F00286818 /* CustomTransition.swift */ = {isa = PBXFileReference; lastKnownFileType = sourcecode.swift; path = CustomTransition.swift; sourceTree = "<group>"; };
		09E71FCE291D9F2C00286818 /* CustomNavigationController.swift */ = {isa = PBXFileReference; lastKnownFileType = sourcecode.swift; path = CustomNavigationController.swift; sourceTree = "<group>"; };
		09E9BE0B291D0DCD00DBBD4E /* FriendPhotosViewController.swift */ = {isa = PBXFileReference; lastKnownFileType = sourcecode.swift; path = FriendPhotosViewController.swift; sourceTree = "<group>"; };
		09EB1BD829300723005664A5 /* UIImageView+Extension.swift */ = {isa = PBXFileReference; lastKnownFileType = sourcecode.swift; path = "UIImageView+Extension.swift"; sourceTree = "<group>"; };
		09EB1BE129315202005664A5 /* PhotoUrl.swift */ = {isa = PBXFileReference; lastKnownFileType = sourcecode.swift; path = PhotoUrl.swift; sourceTree = "<group>"; };
		09EB1BEF29340054005664A5 /* Response.swift */ = {isa = PBXFileReference; lastKnownFileType = sourcecode.swift; path = Response.swift; sourceTree = "<group>"; };
		09F1084A2914EC52000E8D76 /* ShadowView.swift */ = {isa = PBXFileReference; lastKnownFileType = sourcecode.swift; path = ShadowView.swift; sourceTree = "<group>"; };
		09F1084C2914ED25000E8D76 /* LikeControl.swift */ = {isa = PBXFileReference; lastKnownFileType = sourcecode.swift; path = LikeControl.swift; sourceTree = "<group>"; };
		09F1084E29184D19000E8D76 /* GroupTableViewCell.swift */ = {isa = PBXFileReference; lastKnownFileType = sourcecode.swift; path = GroupTableViewCell.swift; sourceTree = "<group>"; };
		09F1327E292EBE9B0085837F /* User.swift */ = {isa = PBXFileReference; lastKnownFileType = sourcecode.swift; path = User.swift; sourceTree = "<group>"; };
		09F23F19291480D700876619 /* FriendPhotosCollectionViewCell.swift */ = {isa = PBXFileReference; lastKnownFileType = sourcecode.swift; path = FriendPhotosCollectionViewCell.swift; sourceTree = "<group>"; };
		F946BE8A356DB2DEA056EAE4 /* Pods-myVK.debug.xcconfig */ = {isa = PBXFileReference; includeInIndex = 1; lastKnownFileType = text.xcconfig; name = "Pods-myVK.debug.xcconfig"; path = "Target Support Files/Pods-myVK/Pods-myVK.debug.xcconfig"; sourceTree = "<group>"; };
		FB0C0373BCC026685CE93BA3 /* Pods-myVK.release.xcconfig */ = {isa = PBXFileReference; includeInIndex = 1; lastKnownFileType = text.xcconfig; name = "Pods-myVK.release.xcconfig"; path = "Target Support Files/Pods-myVK/Pods-myVK.release.xcconfig"; sourceTree = "<group>"; };
/* End PBXFileReference section */

/* Begin PBXFrameworksBuildPhase section */
		09D3D9AD29106A51007DFCFC /* Frameworks */ = {
			isa = PBXFrameworksBuildPhase;
			buildActionMask = 2147483647;
			files = (
				096130A8292D664D006AF1AC /* WebKit.framework in Frameworks */,
				0A780A45251D05AD73CC1F3A /* Pods_myVK.framework in Frameworks */,
			);
			runOnlyForDeploymentPostprocessing = 0;
		};
/* End PBXFrameworksBuildPhase section */

/* Begin PBXGroup section */
		0920ECD1291301CE009E2849 /* Model */ = {
			isa = PBXGroup;
			children = (
				09EB1BEF29340054005664A5 /* Response.swift */,
				09EB1BDC29315185005664A5 /* Group */,
				09EB1BDA2931516D005664A5 /* Photos */,
				09EB1BF1293400E1005664A5 /* User */,
				09939642293FDE130056C92E /* News */,
			);
			path = Model;
			sourceTree = "<group>";
		};
		0961309F292D5D63006AF1AC /* Services */ = {
			isa = PBXGroup;
			children = (
				09A62C7D292D01C400E53700 /* Session.swift */,
				096130A0292D5D88006AF1AC /* NetworkService.swift */,
				091D272C2942947700258900 /* PromiseNetworkService.swift */,
				091AED85293541DE00742D17 /* RealmService.swift */,
				091D272E2944AC4D00258900 /* PhotoCacheService.swift */,
			);
			path = Services;
			sourceTree = "<group>";
		};
		098D3E6E29413F50001A5C78 /* Operation */ = {
			isa = PBXGroup;
			children = (
				098D3E6F294262E2001A5C78 /* GetDataOperation.swift */,
				098D3E7129426559001A5C78 /* AsyncOperation.swift */,
				098D3E7329426942001A5C78 /* ParseDataOperation.swift */,
				098D3E7529426B30001A5C78 /* RealmSaveDataOperation.swift */,
			);
			path = Operation;
			sourceTree = "<group>";
		};
		09939642293FDE130056C92E /* News */ = {
			isa = PBXGroup;
			children = (
				098171DD29400EC3005421B1 /* Likes.swift */,
				09939643293FDE2D0056C92E /* News.swift */,
				09939645293FEDD90056C92E /* NewsResponse.swift */,
				09DFC53B2948FA4400D72D62 /* Attachment.swift */,
				099374A929402766000A3CB7 /* NewsItemConfigurable.swift */,
				098171DF29401011005421B1 /* Views.swift */,
			);
			path = News;
			sourceTree = "<group>";
		};
		09B66A602911BEDC00E7BA49 /* ViewController */ = {
			isa = PBXGroup;
			children = (
				09C88CF82947753E009ED03A /* CustomNavigationController */,
				09C88CF929477552009ED03A /* FriendPhotoCollectionViewController */,
				09C88CF0294774AD009ED03A /* FriendPhotosViewController */,
				09C88CF4294774EE009ED03A /* FriendsTableViewController */,
				09C88D032947763A009ED03A /* Groups */,
				09C88CEB29476A30009ED03A /* LoginViewController */,
				09C88CF729477526009ED03A /* NewsTableViewController */,
				09E4BBEC2913C2BD00E78CED /* View */,
				09C88CF2294774C4009ED03A /* VKWebViewController */,
			);
			path = ViewController;
			sourceTree = "<group>";
		};
		09B66A612911BEEE00E7BA49 /* Assets */ = {
			isa = PBXGroup;
			children = (
				09D3D9BC29106A53007DFCFC /* Assets.xcassets */,
				09D3D9C9291071D1007DFCFC /* Color.xcassets */,
			);
			path = Assets;
			sourceTree = "<group>";
		};
		09B66A622911BF0900E7BA49 /* StoryBoard */ = {
			isa = PBXGroup;
			children = (
				09D3D9B929106A51007DFCFC /* Main.storyboard */,
			);
			path = StoryBoard;
			sourceTree = "<group>";
		};
		09B66A632911BF2C00E7BA49 /* Extension */ = {
			isa = PBXGroup;
			children = (
				09B66A642911C01200E7BA49 /* UITextField+Extension.swift */,
				09B66A6929129ECF00E7BA49 /* UIViewController+Extension.swift */,
				09EB1BD829300723005664A5 /* UIImageView+Extension.swift */,
				09C88D052947BAEC009ED03A /* DateFormatter+Extension.swift */,
				09DFC53F2948FDD300D72D62 /* UITableView+Extension.swift */,
			);
			path = Extension;
			sourceTree = "<group>";
		};
		09B66A682911C19E00E7BA49 /* Application */ = {
			isa = PBXGroup;
			children = (
				09E71FCC291D7B1F00286818 /* CustomTransition.swift */,
				09D3D9BE29106A53007DFCFC /* LaunchScreen.storyboard */,
				09D3D9B329106A51007DFCFC /* AppDelegate.swift */,
				09B66A662911C15D00E7BA49 /* Constants.swift */,
				09D3D9B529106A51007DFCFC /* SceneDelegate.swift */,
			);
			path = Application;
			sourceTree = "<group>";
		};
		09C88CEB29476A30009ED03A /* LoginViewController */ = {
			isa = PBXGroup;
			children = (
				09C88CEC29476A49009ED03A /* Controller */,
				09C88CED29476A51009ED03A /* View */,
			);
			path = LoginViewController;
			sourceTree = "<group>";
		};
		09C88CEC29476A49009ED03A /* Controller */ = {
			isa = PBXGroup;
			children = (
				09B66A5E2911BED100E7BA49 /* LogInViewController.swift */,
			);
			path = Controller;
			sourceTree = "<group>";
		};
		09C88CED29476A51009ED03A /* View */ = {
			isa = PBXGroup;
			children = (
				09C88CEE29476AD1009ED03A /* LoginView.swift */,
			);
			path = View;
			sourceTree = "<group>";
		};
		09C88CF0294774AD009ED03A /* FriendPhotosViewController */ = {
			isa = PBXGroup;
			children = (
				09C88CF1294774B4009ED03A /* Controller */,
				09C88CFA29477572009ED03A /* View */,
			);
			path = FriendPhotosViewController;
			sourceTree = "<group>";
		};
		09C88CF1294774B4009ED03A /* Controller */ = {
			isa = PBXGroup;
			children = (
				09E9BE0B291D0DCD00DBBD4E /* FriendPhotosViewController.swift */,
			);
			path = Controller;
			sourceTree = "<group>";
		};
		09C88CF2294774C4009ED03A /* VKWebViewController */ = {
			isa = PBXGroup;
			children = (
				09C88CF3294774D3009ED03A /* Controller */,
			);
			path = VKWebViewController;
			sourceTree = "<group>";
		};
		09C88CF3294774D3009ED03A /* Controller */ = {
			isa = PBXGroup;
			children = (
				096130A5292D649F006AF1AC /* VKWebViewController.swift */,
			);
			path = Controller;
			sourceTree = "<group>";
		};
		09C88CF4294774EE009ED03A /* FriendsTableViewController */ = {
			isa = PBXGroup;
			children = (
				09C88CFD294775AD009ED03A /* Controller */,
				09C88CFE294775BA009ED03A /* View */,
			);
			path = FriendsTableViewController;
			sourceTree = "<group>";
		};
		09C88CF529477503009ED03A /* UserGroupsTableViewController */ = {
			isa = PBXGroup;
			children = (
				09C88D0129477615009ED03A /* Controller */,
			);
			path = UserGroupsTableViewController;
			sourceTree = "<group>";
		};
		09C88CF62947751C009ED03A /* AllGroupsTableViewController */ = {
			isa = PBXGroup;
			children = (
				09C88D022947761E009ED03A /* Controller */,
			);
			path = AllGroupsTableViewController;
			sourceTree = "<group>";
		};
		09C88CF729477526009ED03A /* NewsTableViewController */ = {
			isa = PBXGroup;
			children = (
				09C88CFB29477591009ED03A /* Controller */,
				09C88CFC2947759B009ED03A /* View */,
			);
			path = NewsTableViewController;
			sourceTree = "<group>";
		};
		09C88CF82947753E009ED03A /* CustomNavigationController */ = {
			isa = PBXGroup;
			children = (
				09C88D002947760A009ED03A /* Controller */,
			);
			path = CustomNavigationController;
			sourceTree = "<group>";
		};
		09C88CF929477552009ED03A /* FriendPhotoCollectionViewController */ = {
			isa = PBXGroup;
			children = (
				09C88CFF294775FE009ED03A /* Controller */,
			);
			path = FriendPhotoCollectionViewController;
			sourceTree = "<group>";
		};
		09C88CFA29477572009ED03A /* View */ = {
			isa = PBXGroup;
			children = (
				09F23F19291480D700876619 /* FriendPhotosCollectionViewCell.swift */,
			);
			path = View;
			sourceTree = "<group>";
		};
		09C88CFB29477591009ED03A /* Controller */ = {
			isa = PBXGroup;
			children = (
				092D787B291A3920008B5816 /* NewsTableViewController.swift */,
			);
			path = Controller;
			sourceTree = "<group>";
		};
		09C88CFC2947759B009ED03A /* View */ = {
			isa = PBXGroup;
			children = (
				09E670A5293E9F2000A97B39 /* Cell */,
			);
			path = View;
			sourceTree = "<group>";
		};
		09C88CFD294775AD009ED03A /* Controller */ = {
			isa = PBXGroup;
			children = (
				09E4BBE12913C1C400E78CED /* FriendsTableViewController.swift */,
			);
			path = Controller;
			sourceTree = "<group>";
		};
		09C88CFE294775BA009ED03A /* View */ = {
			isa = PBXGroup;
			children = (
				09E4BBEF2913FE0300E78CED /* FriendTableViewCell.swift */,
			);
			path = View;
			sourceTree = "<group>";
		};
		09C88CFF294775FE009ED03A /* Controller */ = {
			isa = PBXGroup;
			children = (
				09E4BBE72913C27500E78CED /* FriendPhotoCollectionViewController.swift */,
			);
			path = Controller;
			sourceTree = "<group>";
		};
		09C88D002947760A009ED03A /* Controller */ = {
			isa = PBXGroup;
			children = (
				09E71FCE291D9F2C00286818 /* CustomNavigationController.swift */,
			);
			path = Controller;
			sourceTree = "<group>";
		};
		09C88D0129477615009ED03A /* Controller */ = {
			isa = PBXGroup;
			children = (
				09E4BBE32913C1E600E78CED /* UserGroupsTableViewController.swift */,
			);
			path = Controller;
			sourceTree = "<group>";
		};
		09C88D022947761E009ED03A /* Controller */ = {
			isa = PBXGroup;
			children = (
				09E4BBE52913C1F600E78CED /* AllGroupsTableViewController.swift */,
			);
			path = Controller;
			sourceTree = "<group>";
		};
		09C88D032947763A009ED03A /* Groups */ = {
			isa = PBXGroup;
			children = (
				09C88CF62947751C009ED03A /* AllGroupsTableViewController */,
				09C88CF529477503009ED03A /* UserGroupsTableViewController */,
				09C88D0429477648009ED03A /* View */,
			);
			path = Groups;
			sourceTree = "<group>";
		};
		09C88D0429477648009ED03A /* View */ = {
			isa = PBXGroup;
			children = (
				09F1084E29184D19000E8D76 /* GroupTableViewCell.swift */,
			);
			path = View;
			sourceTree = "<group>";
		};
		09D3D9A729106A51007DFCFC = {
			isa = PBXGroup;
			children = (
				09D3D9B229106A51007DFCFC /* myVK */,
				F8D7CFDE7DA6BCC33A619D6E /* Pods */,
				09D3D9B129106A51007DFCFC /* Products */,
				40B325003BB06A08A6243492 /* Frameworks */,
			);
			sourceTree = "<group>";
		};
		09D3D9B129106A51007DFCFC /* Products */ = {
			isa = PBXGroup;
			children = (
				09D3D9B029106A51007DFCFC /* myVK.app */,
			);
			name = Products;
			sourceTree = "<group>";
		};
		09D3D9B229106A51007DFCFC /* myVK */ = {
			isa = PBXGroup;
			children = (
				098D3E6E29413F50001A5C78 /* Operation */,
				0961309F292D5D63006AF1AC /* Services */,
				09D3D9C129106A53007DFCFC /* Info.plist */,
				09B66A682911C19E00E7BA49 /* Application */,
				09B66A612911BEEE00E7BA49 /* Assets */,
				09B66A632911BF2C00E7BA49 /* Extension */,
				0920ECD1291301CE009E2849 /* Model */,
				09B66A622911BF0900E7BA49 /* StoryBoard */,
				09B66A602911BEDC00E7BA49 /* ViewController */,
			);
			path = myVK;
			sourceTree = "<group>";
		};
		09E4BBEC2913C2BD00E78CED /* View */ = {
			isa = PBXGroup;
			children = (
				09F1084C2914ED25000E8D76 /* LikeControl.swift */,
				0928241C291AF246004EF4D0 /* LoaderView.swift */,
				09F1084A2914EC52000E8D76 /* ShadowView.swift */,
			);
			path = View;
			sourceTree = "<group>";
		};
		09E670A5293E9F2000A97B39 /* Cell */ = {
			isa = PBXGroup;
			children = (
				09DFC53D2948FA5200D72D62 /* PostCollectionViewCell.swift */,
				09E670A3293E9F0500A97B39 /* NewsHeaderTableViewCell.swift */,
				09E670A8293E9F5400A97B39 /* NewsPostTableViewCell.swift */,
				09E670AA293E9F9500A97B39 /* NewsImageTableViewCell.swift */,
				09E670A6293E9F3900A97B39 /* NewsFooterTableViewCell.swift */,
			);
			path = Cell;
			sourceTree = "<group>";
		};
		09EB1BDA2931516D005664A5 /* Photos */ = {
			isa = PBXGroup;
			children = (
				097F4799292FEFC300F11B3E /* Photo.swift */,
				09EB1BE129315202005664A5 /* PhotoUrl.swift */,
			);
			path = Photos;
			sourceTree = "<group>";
		};
		09EB1BDC29315185005664A5 /* Group */ = {
			isa = PBXGroup;
			children = (
				097F4797292FEFB000F11B3E /* Group.swift */,
			);
			path = Group;
			sourceTree = "<group>";
		};
		09EB1BF1293400E1005664A5 /* User */ = {
			isa = PBXGroup;
			children = (
				09F1327E292EBE9B0085837F /* User.swift */,
			);
			path = User;
			sourceTree = "<group>";
		};
		40B325003BB06A08A6243492 /* Frameworks */ = {
			isa = PBXGroup;
			children = (
				096130A7292D664D006AF1AC /* WebKit.framework */,
				071BDC2862D2586F9C16954E /* Pods_myVK.framework */,
			);
			name = Frameworks;
			sourceTree = "<group>";
		};
		F8D7CFDE7DA6BCC33A619D6E /* Pods */ = {
			isa = PBXGroup;
			children = (
				F946BE8A356DB2DEA056EAE4 /* Pods-myVK.debug.xcconfig */,
				FB0C0373BCC026685CE93BA3 /* Pods-myVK.release.xcconfig */,
			);
			path = Pods;
			sourceTree = "<group>";
		};
/* End PBXGroup section */

/* Begin PBXNativeTarget section */
		09D3D9AF29106A51007DFCFC /* myVK */ = {
			isa = PBXNativeTarget;
			buildConfigurationList = 09D3D9C429106A53007DFCFC /* Build configuration list for PBXNativeTarget "myVK" */;
			buildPhases = (
				0AD35BAC17F96683AA289292 /* [CP] Check Pods Manifest.lock */,
				09D3D9AC29106A51007DFCFC /* Sources */,
				09D3D9AD29106A51007DFCFC /* Frameworks */,
				09D3D9AE29106A51007DFCFC /* Resources */,
				09D3D9C729106AA9007DFCFC /* Swift Format */,
				09D3D9C829106AE7007DFCFC /* Swift Lint */,
				64D4B0662F7660CB7C7AB6BA /* [CP] Embed Pods Frameworks */,
			);
			buildRules = (
			);
			dependencies = (
			);
			name = myVK;
			productName = myVK;
			productReference = 09D3D9B029106A51007DFCFC /* myVK.app */;
			productType = "com.apple.product-type.application";
		};
/* End PBXNativeTarget section */

/* Begin PBXProject section */
		09D3D9A829106A51007DFCFC /* Project object */ = {
			isa = PBXProject;
			attributes = {
				BuildIndependentTargetsInParallel = 1;
				LastSwiftUpdateCheck = 1400;
				LastUpgradeCheck = 1400;
				TargetAttributes = {
					09D3D9AF29106A51007DFCFC = {
						CreatedOnToolsVersion = 14.0.1;
					};
				};
			};
			buildConfigurationList = 09D3D9AB29106A51007DFCFC /* Build configuration list for PBXProject "myVK" */;
			compatibilityVersion = "Xcode 14.0";
			developmentRegion = en;
			hasScannedForEncodings = 0;
			knownRegions = (
				en,
				Base,
			);
			mainGroup = 09D3D9A729106A51007DFCFC;
			productRefGroup = 09D3D9B129106A51007DFCFC /* Products */;
			projectDirPath = "";
			projectRoot = "";
			targets = (
				09D3D9AF29106A51007DFCFC /* myVK */,
			);
		};
/* End PBXProject section */

/* Begin PBXResourcesBuildPhase section */
		09D3D9AE29106A51007DFCFC /* Resources */ = {
			isa = PBXResourcesBuildPhase;
			buildActionMask = 2147483647;
			files = (
				09D3D9C029106A53007DFCFC /* LaunchScreen.storyboard in Resources */,
				09D3D9BD29106A53007DFCFC /* Assets.xcassets in Resources */,
				09D3D9BB29106A51007DFCFC /* Main.storyboard in Resources */,
			);
			runOnlyForDeploymentPostprocessing = 0;
		};
/* End PBXResourcesBuildPhase section */

/* Begin PBXShellScriptBuildPhase section */
		09D3D9C729106AA9007DFCFC /* Swift Format */ = {
			isa = PBXShellScriptBuildPhase;
			buildActionMask = 2147483647;
			files = (
			);
			inputFileListPaths = (
			);
			inputPaths = (
			);
			name = "Swift Format";
			outputFileListPaths = (
			);
			outputPaths = (
			);
			runOnlyForDeploymentPostprocessing = 0;
			shellPath = /bin/sh;
			shellScript = "export PATH=\"$PATH:/opt/homebrew/bin\"\nif which swiftformat >/dev/null; then\n  swiftformat .\nelse\n  echo \"warning: SwiftFormat not installed, download from https://github.com/nicklockwood/SwiftFormat\"\nfi\n\n";
			showEnvVarsInLog = 0;
		};
		09D3D9C829106AE7007DFCFC /* Swift Lint */ = {
			isa = PBXShellScriptBuildPhase;
			buildActionMask = 2147483647;
			files = (
			);
			inputFileListPaths = (
			);
			inputPaths = (
			);
			name = "Swift Lint";
			outputFileListPaths = (
			);
			outputPaths = (
			);
			runOnlyForDeploymentPostprocessing = 0;
			shellPath = /bin/sh;
			shellScript = "export PATH=\"$PATH:/opt/homebrew/bin\"\nif which swiftlint > /dev/null; then\n  swiftlint\nelse\n  echo \"warning: SwiftLint not installed, download from https://github.com/realm/SwiftLint\"\nfi\n";
			showEnvVarsInLog = 0;
		};
		0AD35BAC17F96683AA289292 /* [CP] Check Pods Manifest.lock */ = {
			isa = PBXShellScriptBuildPhase;
			buildActionMask = 2147483647;
			files = (
			);
			inputFileListPaths = (
			);
			inputPaths = (
				"${PODS_PODFILE_DIR_PATH}/Podfile.lock",
				"${PODS_ROOT}/Manifest.lock",
			);
			name = "[CP] Check Pods Manifest.lock";
			outputFileListPaths = (
			);
			outputPaths = (
				"$(DERIVED_FILE_DIR)/Pods-myVK-checkManifestLockResult.txt",
			);
			runOnlyForDeploymentPostprocessing = 0;
			shellPath = /bin/sh;
			shellScript = "diff \"${PODS_PODFILE_DIR_PATH}/Podfile.lock\" \"${PODS_ROOT}/Manifest.lock\" > /dev/null\nif [ $? != 0 ] ; then\n    # print error to STDERR\n    echo \"error: The sandbox is not in sync with the Podfile.lock. Run 'pod install' or update your CocoaPods installation.\" >&2\n    exit 1\nfi\n# This output is used by Xcode 'outputs' to avoid re-running this script phase.\necho \"SUCCESS\" > \"${SCRIPT_OUTPUT_FILE_0}\"\n";
			showEnvVarsInLog = 0;
		};
		64D4B0662F7660CB7C7AB6BA /* [CP] Embed Pods Frameworks */ = {
			isa = PBXShellScriptBuildPhase;
			buildActionMask = 2147483647;
			files = (
			);
			inputFileListPaths = (
				"${PODS_ROOT}/Target Support Files/Pods-myVK/Pods-myVK-frameworks-${CONFIGURATION}-input-files.xcfilelist",
			);
			name = "[CP] Embed Pods Frameworks";
			outputFileListPaths = (
				"${PODS_ROOT}/Target Support Files/Pods-myVK/Pods-myVK-frameworks-${CONFIGURATION}-output-files.xcfilelist",
			);
			runOnlyForDeploymentPostprocessing = 0;
			shellPath = /bin/sh;
			shellScript = "\"${PODS_ROOT}/Target Support Files/Pods-myVK/Pods-myVK-frameworks.sh\"\n";
			showEnvVarsInLog = 0;
		};
/* End PBXShellScriptBuildPhase section */

/* Begin PBXSourcesBuildPhase section */
		09D3D9AC29106A51007DFCFC /* Sources */ = {
			isa = PBXSourcesBuildPhase;
			buildActionMask = 2147483647;
			files = (
				09F1327F292EBE9B0085837F /* User.swift in Sources */,
				09E71FCF291D9F2C00286818 /* CustomNavigationController.swift in Sources */,
				099374AA29402766000A3CB7 /* NewsItemConfigurable.swift in Sources */,
				098171E029401011005421B1 /* Views.swift in Sources */,
				09DFC53C2948FA4400D72D62 /* Attachment.swift in Sources */,
				09DFC53E2948FA5200D72D62 /* PostCollectionViewCell.swift in Sources */,
				09EB1BF029340054005664A5 /* Response.swift in Sources */,
				09E670A4293E9F0500A97B39 /* NewsHeaderTableViewCell.swift in Sources */,
				09EB1BD929300723005664A5 /* UIImageView+Extension.swift in Sources */,
				09939644293FDE2D0056C92E /* News.swift in Sources */,
				09EB1BE229315202005664A5 /* PhotoUrl.swift in Sources */,
				09E71FCD291D7B1F00286818 /* CustomTransition.swift in Sources */,
				09B66A6A29129ECF00E7BA49 /* UIViewController+Extension.swift in Sources */,
				09E9BE0C291D0DCD00DBBD4E /* FriendPhotosViewController.swift in Sources */,
				098D3E70294262E2001A5C78 /* GetDataOperation.swift in Sources */,
				098D3E7629426B30001A5C78 /* RealmSaveDataOperation.swift in Sources */,
				09F1084D2914ED25000E8D76 /* LikeControl.swift in Sources */,
				09DFC5402948FDD400D72D62 /* UITableView+Extension.swift in Sources */,
				09E4BBE22913C1C400E78CED /* FriendsTableViewController.swift in Sources */,
				091AED86293541DE00742D17 /* RealmService.swift in Sources */,
				098171DE29400EC3005421B1 /* Likes.swift in Sources */,
				09F23F1A291480D700876619 /* FriendPhotosCollectionViewCell.swift in Sources */,
				097F4798292FEFB000F11B3E /* Group.swift in Sources */,
				09E670A7293E9F3900A97B39 /* NewsFooterTableViewCell.swift in Sources */,
				096130A6292D649F006AF1AC /* VKWebViewController.swift in Sources */,
				091D272D2942947700258900 /* PromiseNetworkService.swift in Sources */,
				091D272F2944AC4D00258900 /* PhotoCacheService.swift in Sources */,
				09B66A672911C15D00E7BA49 /* Constants.swift in Sources */,
				09B66A5F2911BED100E7BA49 /* LogInViewController.swift in Sources */,
				09939646293FEDD90056C92E /* NewsResponse.swift in Sources */,
				098D3E7429426942001A5C78 /* ParseDataOperation.swift in Sources */,
				09F1084F29184D19000E8D76 /* GroupTableViewCell.swift in Sources */,
				092D787C291A3920008B5816 /* NewsTableViewController.swift in Sources */,
				09E4BBE82913C27500E78CED /* FriendPhotoCollectionViewController.swift in Sources */,
				09B66A652911C01200E7BA49 /* UITextField+Extension.swift in Sources */,
				09D3D9B429106A51007DFCFC /* AppDelegate.swift in Sources */,
				09E670A9293E9F5400A97B39 /* NewsPostTableViewCell.swift in Sources */,
				09E4BBE62913C1F600E78CED /* AllGroupsTableViewController.swift in Sources */,
				09C88CEF29476AD1009ED03A /* LoginView.swift in Sources */,
				09E670AB293E9F9500A97B39 /* NewsImageTableViewCell.swift in Sources */,
				09E4BBE42913C1E600E78CED /* UserGroupsTableViewController.swift in Sources */,
				097F479A292FEFC300F11B3E /* Photo.swift in Sources */,
				098D3E7229426559001A5C78 /* AsyncOperation.swift in Sources */,
				09D3D9B629106A51007DFCFC /* SceneDelegate.swift in Sources */,
				09F1084B2914EC52000E8D76 /* ShadowView.swift in Sources */,
				09A62C7E292D01C400E53700 /* Session.swift in Sources */,
				09C88D062947BAEC009ED03A /* DateFormatter+Extension.swift in Sources */,
				0928241D291AF246004EF4D0 /* LoaderView.swift in Sources */,
				096130A1292D5D88006AF1AC /* NetworkService.swift in Sources */,
				09E4BBF02913FE0300E78CED /* FriendTableViewCell.swift in Sources */,
			);
			runOnlyForDeploymentPostprocessing = 0;
		};
/* End PBXSourcesBuildPhase section */

/* Begin PBXVariantGroup section */
		09D3D9B929106A51007DFCFC /* Main.storyboard */ = {
			isa = PBXVariantGroup;
			children = (
				09D3D9BA29106A51007DFCFC /* Base */,
			);
			name = Main.storyboard;
			sourceTree = "<group>";
		};
		09D3D9BE29106A53007DFCFC /* LaunchScreen.storyboard */ = {
			isa = PBXVariantGroup;
			children = (
				09D3D9BF29106A53007DFCFC /* Base */,
			);
			name = LaunchScreen.storyboard;
			sourceTree = "<group>";
		};
/* End PBXVariantGroup section */

/* Begin XCBuildConfiguration section */
		09D3D9C229106A53007DFCFC /* Debug */ = {
			isa = XCBuildConfiguration;
			buildSettings = {
				ALWAYS_SEARCH_USER_PATHS = NO;
				CLANG_ANALYZER_NONNULL = YES;
				CLANG_ANALYZER_NUMBER_OBJECT_CONVERSION = YES_AGGRESSIVE;
				CLANG_CXX_LANGUAGE_STANDARD = "gnu++20";
				CLANG_ENABLE_MODULES = YES;
				CLANG_ENABLE_OBJC_ARC = YES;
				CLANG_ENABLE_OBJC_WEAK = YES;
				CLANG_WARN_BLOCK_CAPTURE_AUTORELEASING = YES;
				CLANG_WARN_BOOL_CONVERSION = YES;
				CLANG_WARN_COMMA = YES;
				CLANG_WARN_CONSTANT_CONVERSION = YES;
				CLANG_WARN_DEPRECATED_OBJC_IMPLEMENTATIONS = YES;
				CLANG_WARN_DIRECT_OBJC_ISA_USAGE = YES_ERROR;
				CLANG_WARN_DOCUMENTATION_COMMENTS = YES;
				CLANG_WARN_EMPTY_BODY = YES;
				CLANG_WARN_ENUM_CONVERSION = YES;
				CLANG_WARN_INFINITE_RECURSION = YES;
				CLANG_WARN_INT_CONVERSION = YES;
				CLANG_WARN_NON_LITERAL_NULL_CONVERSION = YES;
				CLANG_WARN_OBJC_IMPLICIT_RETAIN_SELF = YES;
				CLANG_WARN_OBJC_LITERAL_CONVERSION = YES;
				CLANG_WARN_OBJC_ROOT_CLASS = YES_ERROR;
				CLANG_WARN_QUOTED_INCLUDE_IN_FRAMEWORK_HEADER = YES;
				CLANG_WARN_RANGE_LOOP_ANALYSIS = YES;
				CLANG_WARN_STRICT_PROTOTYPES = YES;
				CLANG_WARN_SUSPICIOUS_MOVE = YES;
				CLANG_WARN_UNGUARDED_AVAILABILITY = YES_AGGRESSIVE;
				CLANG_WARN_UNREACHABLE_CODE = YES;
				CLANG_WARN__DUPLICATE_METHOD_MATCH = YES;
				COPY_PHASE_STRIP = NO;
				DEBUG_INFORMATION_FORMAT = dwarf;
				ENABLE_STRICT_OBJC_MSGSEND = YES;
				ENABLE_TESTABILITY = YES;
				GCC_C_LANGUAGE_STANDARD = gnu11;
				GCC_DYNAMIC_NO_PIC = NO;
				GCC_NO_COMMON_BLOCKS = YES;
				GCC_OPTIMIZATION_LEVEL = 0;
				GCC_PREPROCESSOR_DEFINITIONS = (
					"DEBUG=1",
					"$(inherited)",
				);
				GCC_WARN_64_TO_32_BIT_CONVERSION = YES;
				GCC_WARN_ABOUT_RETURN_TYPE = YES_ERROR;
				GCC_WARN_UNDECLARED_SELECTOR = YES;
				GCC_WARN_UNINITIALIZED_AUTOS = YES_AGGRESSIVE;
				GCC_WARN_UNUSED_FUNCTION = YES;
				GCC_WARN_UNUSED_VARIABLE = YES;
				IPHONEOS_DEPLOYMENT_TARGET = 16.0;
				MTL_ENABLE_DEBUG_INFO = INCLUDE_SOURCE;
				MTL_FAST_MATH = YES;
				ONLY_ACTIVE_ARCH = YES;
				SDKROOT = iphoneos;
				SWIFT_ACTIVE_COMPILATION_CONDITIONS = DEBUG;
				SWIFT_OPTIMIZATION_LEVEL = "-Onone";
			};
			name = Debug;
		};
		09D3D9C329106A53007DFCFC /* Release */ = {
			isa = XCBuildConfiguration;
			buildSettings = {
				ALWAYS_SEARCH_USER_PATHS = NO;
				CLANG_ANALYZER_NONNULL = YES;
				CLANG_ANALYZER_NUMBER_OBJECT_CONVERSION = YES_AGGRESSIVE;
				CLANG_CXX_LANGUAGE_STANDARD = "gnu++20";
				CLANG_ENABLE_MODULES = YES;
				CLANG_ENABLE_OBJC_ARC = YES;
				CLANG_ENABLE_OBJC_WEAK = YES;
				CLANG_WARN_BLOCK_CAPTURE_AUTORELEASING = YES;
				CLANG_WARN_BOOL_CONVERSION = YES;
				CLANG_WARN_COMMA = YES;
				CLANG_WARN_CONSTANT_CONVERSION = YES;
				CLANG_WARN_DEPRECATED_OBJC_IMPLEMENTATIONS = YES;
				CLANG_WARN_DIRECT_OBJC_ISA_USAGE = YES_ERROR;
				CLANG_WARN_DOCUMENTATION_COMMENTS = YES;
				CLANG_WARN_EMPTY_BODY = YES;
				CLANG_WARN_ENUM_CONVERSION = YES;
				CLANG_WARN_INFINITE_RECURSION = YES;
				CLANG_WARN_INT_CONVERSION = YES;
				CLANG_WARN_NON_LITERAL_NULL_CONVERSION = YES;
				CLANG_WARN_OBJC_IMPLICIT_RETAIN_SELF = YES;
				CLANG_WARN_OBJC_LITERAL_CONVERSION = YES;
				CLANG_WARN_OBJC_ROOT_CLASS = YES_ERROR;
				CLANG_WARN_QUOTED_INCLUDE_IN_FRAMEWORK_HEADER = YES;
				CLANG_WARN_RANGE_LOOP_ANALYSIS = YES;
				CLANG_WARN_STRICT_PROTOTYPES = YES;
				CLANG_WARN_SUSPICIOUS_MOVE = YES;
				CLANG_WARN_UNGUARDED_AVAILABILITY = YES_AGGRESSIVE;
				CLANG_WARN_UNREACHABLE_CODE = YES;
				CLANG_WARN__DUPLICATE_METHOD_MATCH = YES;
				COPY_PHASE_STRIP = NO;
				DEBUG_INFORMATION_FORMAT = "dwarf-with-dsym";
				ENABLE_NS_ASSERTIONS = NO;
				ENABLE_STRICT_OBJC_MSGSEND = YES;
				GCC_C_LANGUAGE_STANDARD = gnu11;
				GCC_NO_COMMON_BLOCKS = YES;
				GCC_WARN_64_TO_32_BIT_CONVERSION = YES;
				GCC_WARN_ABOUT_RETURN_TYPE = YES_ERROR;
				GCC_WARN_UNDECLARED_SELECTOR = YES;
				GCC_WARN_UNINITIALIZED_AUTOS = YES_AGGRESSIVE;
				GCC_WARN_UNUSED_FUNCTION = YES;
				GCC_WARN_UNUSED_VARIABLE = YES;
				IPHONEOS_DEPLOYMENT_TARGET = 16.0;
				MTL_ENABLE_DEBUG_INFO = NO;
				MTL_FAST_MATH = YES;
				SDKROOT = iphoneos;
				SWIFT_COMPILATION_MODE = wholemodule;
				SWIFT_OPTIMIZATION_LEVEL = "-O";
				VALIDATE_PRODUCT = YES;
			};
			name = Release;
		};
		09D3D9C529106A53007DFCFC /* Debug */ = {
			isa = XCBuildConfiguration;
			baseConfigurationReference = F946BE8A356DB2DEA056EAE4 /* Pods-myVK.debug.xcconfig */;
			buildSettings = {
				ASSETCATALOG_COMPILER_APPICON_NAME = AppIcon;
				ASSETCATALOG_COMPILER_GLOBAL_ACCENT_COLOR_NAME = AccentColor;
				CODE_SIGN_STYLE = Automatic;
				CURRENT_PROJECT_VERSION = 1;
				DEVELOPMENT_TEAM = 3639YJ5CGC;
				GENERATE_INFOPLIST_FILE = YES;
				INFOPLIST_FILE = myVK/Info.plist;
				INFOPLIST_KEY_UIApplicationSupportsIndirectInputEvents = YES;
				INFOPLIST_KEY_UILaunchStoryboardName = LaunchScreen;
				INFOPLIST_KEY_UIMainStoryboardFile = Main;
				INFOPLIST_KEY_UISupportedInterfaceOrientations_iPad = "UIInterfaceOrientationPortrait UIInterfaceOrientationPortraitUpsideDown UIInterfaceOrientationLandscapeLeft UIInterfaceOrientationLandscapeRight";
				INFOPLIST_KEY_UISupportedInterfaceOrientations_iPhone = "UIInterfaceOrientationPortrait UIInterfaceOrientationLandscapeLeft UIInterfaceOrientationLandscapeRight";
				LD_RUNPATH_SEARCH_PATHS = (
					"$(inherited)",
					"@executable_path/Frameworks",
				);
				MARKETING_VERSION = 1.0;
				PRODUCT_BUNDLE_IDENTIFIER = ilentiy.myVK;
				PRODUCT_NAME = "$(TARGET_NAME)";
				SWIFT_EMIT_LOC_STRINGS = YES;
				SWIFT_VERSION = 5.0;
				TARGETED_DEVICE_FAMILY = "1,2";
			};
			name = Debug;
		};
		09D3D9C629106A53007DFCFC /* Release */ = {
			isa = XCBuildConfiguration;
			baseConfigurationReference = FB0C0373BCC026685CE93BA3 /* Pods-myVK.release.xcconfig */;
			buildSettings = {
				ASSETCATALOG_COMPILER_APPICON_NAME = AppIcon;
				ASSETCATALOG_COMPILER_GLOBAL_ACCENT_COLOR_NAME = AccentColor;
				CODE_SIGN_STYLE = Automatic;
				CURRENT_PROJECT_VERSION = 1;
				DEVELOPMENT_TEAM = 3639YJ5CGC;
				GENERATE_INFOPLIST_FILE = YES;
				INFOPLIST_FILE = myVK/Info.plist;
				INFOPLIST_KEY_UIApplicationSupportsIndirectInputEvents = YES;
				INFOPLIST_KEY_UILaunchStoryboardName = LaunchScreen;
				INFOPLIST_KEY_UIMainStoryboardFile = Main;
				INFOPLIST_KEY_UISupportedInterfaceOrientations_iPad = "UIInterfaceOrientationPortrait UIInterfaceOrientationPortraitUpsideDown UIInterfaceOrientationLandscapeLeft UIInterfaceOrientationLandscapeRight";
				INFOPLIST_KEY_UISupportedInterfaceOrientations_iPhone = "UIInterfaceOrientationPortrait UIInterfaceOrientationLandscapeLeft UIInterfaceOrientationLandscapeRight";
				LD_RUNPATH_SEARCH_PATHS = (
					"$(inherited)",
					"@executable_path/Frameworks",
				);
				MARKETING_VERSION = 1.0;
				PRODUCT_BUNDLE_IDENTIFIER = ilentiy.myVK;
				PRODUCT_NAME = "$(TARGET_NAME)";
				SWIFT_EMIT_LOC_STRINGS = YES;
				SWIFT_VERSION = 5.0;
				TARGETED_DEVICE_FAMILY = "1,2";
			};
			name = Release;
		};
/* End XCBuildConfiguration section */

/* Begin XCConfigurationList section */
		09D3D9AB29106A51007DFCFC /* Build configuration list for PBXProject "myVK" */ = {
			isa = XCConfigurationList;
			buildConfigurations = (
				09D3D9C229106A53007DFCFC /* Debug */,
				09D3D9C329106A53007DFCFC /* Release */,
			);
			defaultConfigurationIsVisible = 0;
			defaultConfigurationName = Release;
		};
		09D3D9C429106A53007DFCFC /* Build configuration list for PBXNativeTarget "myVK" */ = {
			isa = XCConfigurationList;
			buildConfigurations = (
				09D3D9C529106A53007DFCFC /* Debug */,
				09D3D9C629106A53007DFCFC /* Release */,
			);
			defaultConfigurationIsVisible = 0;
			defaultConfigurationName = Release;
		};
/* End XCConfigurationList section */
	};
	rootObject = 09D3D9A829106A51007DFCFC /* Project object */;
}
